
Microsoft Visual Studio Solution File, Format Version 12.00
# Visual Studio 15
VisualStudioVersion = 15.0.28307.271
MinimumVisualStudioVersion = 10.0.40219.1
Project("{FAE04EC0-301F-11D3-BF4B-00C04F79EFBC}") = "Reservetion_Exception", "Reservetion_Exception\Reservetion_Exception.csproj", "{69EF105A-CB4F-4F85-A738-CCE256B1CC93}"
EndProject
Global
	GlobalSection(SolutionConfigurationPlatforms) = preSolution
		Debug|Any CPU = Debug|Any CPU
		Release|Any CPU = Release|Any CPU
	EndGlobalSection
	GlobalSection(ProjectConfigurationPlatforms) = postSolution
		{69EF105A-CB4F-4F85-A738-CCE256B1CC93}.Debug|Any CPU.ActiveCfg = Debug|Any CPU
		{69EF105A-CB4F-4F85-A738-CCE256B1CC93}.Debug|Any CPU.Build.0 = Debug|Any CPU
		{69EF105A-CB4F-4F85-A738-CCE256B1CC93}.Release|Any CPU.ActiveCfg = Release|Any CPU
		{69EF105A-CB4F-4F85-A738-CCE256B1CC93}.Release|Any CPU.Build.0 = Release|Any CPU
	EndGlobalSection
	GlobalSection(SolutionProperties) = preSolution
		HideSolutionNode = FALSE
	EndGlobalSection
	GlobalSection(ExtensibilityGlobals) = postSolution
		SolutionGuid = {FD90A088-816B-4C4F-814D-509CB9152F0A}
	EndGlobalSection
EndGlobal
